
Microsoft Visual Studio Solution File, Format Version 12.00
# Visual Studio Version 17
VisualStudioVersion = 17.5.002.0
MinimumVisualStudioVersion = 10.0.40219.1
Project("{9A19103F-16F7-4668-BE54-9A1E7A4F7556}") = "SystemBiblioteczny", "SystemBiblioteczny.csproj", "{D4814EE9-12D4-4A7D-A44A-76A8882E0F31}"
EndProject
Global
	GlobalSection(SolutionConfigurationPlatforms) = preSolution
		Debug|Any CPU = Debug|Any CPU
		Release|Any CPU = Release|Any CPU
	EndGlobalSection
	GlobalSection(ProjectConfigurationPlatforms) = postSolution
		{D4814EE9-12D4-4A7D-A44A-76A8882E0F31}.Debug|Any CPU.ActiveCfg = Debug|Any CPU
		{D4814EE9-12D4-4A7D-A44A-76A8882E0F31}.Debug|Any CPU.Build.0 = Debug|Any CPU
		{D4814EE9-12D4-4A7D-A44A-76A8882E0F31}.Release|Any CPU.ActiveCfg = Release|Any CPU
		{D4814EE9-12D4-4A7D-A44A-76A8882E0F31}.Release|Any CPU.Build.0 = Release|Any CPU
	EndGlobalSection
	GlobalSection(SolutionProperties) = preSolution
		HideSolutionNode = FALSE
	EndGlobalSection
	GlobalSection(ExtensibilityGlobals) = postSolution
		SolutionGuid = {F96ACE59-AE0F-4188-AD3B-6315E792D2A5}
	EndGlobalSection
EndGlobal
